<Solution>
  <Folder Name="/spikes/">
    <Project Path="spikes/AppleMusicPlaybackSpike/AppleMusicPlaybackSpike.csproj" />
    <Project Path="spikes/SpotifyPlaybackSpike/SpotifyPlaybackSpike.csproj" />
  </Folder>
  <Folder Name="/src/">
    <Project Path="src/LyricsChatbox/LyricsChatbox.csproj" />
  </Folder>
  <Folder Name="/tests/">
    <Project Path="tests/LyricsChatbox.Tests/LyricsChatbox.Tests.csproj" />
  </Folder>
</Solution>
